// !$*UTF8*$!
{
	archiveVersion = 1;
	classes = {
	};
	objectVersion = 51;
	objects = {

/* Begin PBXBuildFile section */
		0F528D0225EBA35000686F38 /* Localizable.strings in Resources */ = {isa = PBXBuildFile; fileRef = 0F528D0425EBA35000686F38 /* Localizable.strings */; };
		0F529BB925BD4ECC001EBAD6 /* Player.swift in Sources */ = {isa = PBXBuildFile; fileRef = 0F529BB825BD4ECC001EBAD6 /* Player.swift */; };
		0F529BC125BD50C9001EBAD6 /* ResultViewController.swift in Sources */ = {isa = PBXBuildFile; fileRef = 0F529BC025BD50C9001EBAD6 /* ResultViewController.swift */; };
		0F529BC625BD781B001EBAD6 /* RankingCell.swift in Sources */ = {isa = PBXBuildFile; fileRef = 0F529BC525BD781B001EBAD6 /* RankingCell.swift */; };
		0F529BCC25BD7F5D001EBAD6 /* DoRankService.swift in Sources */ = {isa = PBXBuildFile; fileRef = 0F529BCB25BD7F5D001EBAD6 /* DoRankService.swift */; };
		0F529BD725BD9314001EBAD6 /* Result.swift in Sources */ = {isa = PBXBuildFile; fileRef = 0F529BD625BD9314001EBAD6 /* Result.swift */; };
		0F5BE5B725D8212E00901F69 /* RuleExplanationViewController.swift in Sources */ = {isa = PBXBuildFile; fileRef = 0F5BE5B625D8212E00901F69 /* RuleExplanationViewController.swift */; };
		0F6F73BF25B2AD6000DFCB25 /* AppDelegate.swift in Sources */ = {isa = PBXBuildFile; fileRef = 0F6F73BE25B2AD6000DFCB25 /* AppDelegate.swift */; };
		0F6F73C125B2AD6000DFCB25 /* SceneDelegate.swift in Sources */ = {isa = PBXBuildFile; fileRef = 0F6F73C025B2AD6000DFCB25 /* SceneDelegate.swift */; };
		0F6F73C325B2AD6000DFCB25 /* ViewController.swift in Sources */ = {isa = PBXBuildFile; fileRef = 0F6F73C225B2AD6000DFCB25 /* ViewController.swift */; };
		0F6F73C825B2AD6300DFCB25 /* Assets.xcassets in Resources */ = {isa = PBXBuildFile; fileRef = 0F6F73C725B2AD6300DFCB25 /* Assets.xcassets */; };
		0F6F73CB25B2AD6300DFCB25 /* LaunchScreen.storyboard in Resources */ = {isa = PBXBuildFile; fileRef = 0F6F73C925B2AD6300DFCB25 /* LaunchScreen.storyboard */; };
		0F6F73D625B2AD6300DFCB25 /* BraverTests.swift in Sources */ = {isa = PBXBuildFile; fileRef = 0F6F73D525B2AD6300DFCB25 /* BraverTests.swift */; };
		0F6F73E125B2AD6300DFCB25 /* BraverUITests.swift in Sources */ = {isa = PBXBuildFile; fileRef = 0F6F73E025B2AD6300DFCB25 /* BraverUITests.swift */; };
		0FA3FE7125B425E9008086E3 /* SplashViewController.swift in Sources */ = {isa = PBXBuildFile; fileRef = 0FA3FE7025B425E9008086E3 /* SplashViewController.swift */; };
		0FA3FE7A25B42650008086E3 /* Color.swift in Sources */ = {isa = PBXBuildFile; fileRef = 0FA3FE7925B42650008086E3 /* Color.swift */; };
		0FA3FE8525B4267E008086E3 /* GlobalVariables.swift in Sources */ = {isa = PBXBuildFile; fileRef = 0FA3FE8425B4267E008086E3 /* GlobalVariables.swift */; };
		0FA3FE9225B42BF7008086E3 /* BRLabel.swift in Sources */ = {isa = PBXBuildFile; fileRef = 0FA3FE9125B42BF7008086E3 /* BRLabel.swift */; };
		0FA3FE9725B4361E008086E3 /* BRButton.swift in Sources */ = {isa = PBXBuildFile; fileRef = 0FA3FE9625B4361E008086E3 /* BRButton.swift */; };
		0FA3FEA525B44AE4008086E3 /* BRImageView.swift in Sources */ = {isa = PBXBuildFile; fileRef = 0FA3FEA425B44AE4008086E3 /* BRImageView.swift */; };
		0FA3FEE325B486D1008086E3 /* BRView.swift in Sources */ = {isa = PBXBuildFile; fileRef = 0FA3FEE225B486D1008086E3 /* BRView.swift */; };
		0FA3FEEF25BBD858008086E3 /* BRAlertController.swift in Sources */ = {isa = PBXBuildFile; fileRef = 0FA3FEEE25BBD858008086E3 /* BRAlertController.swift */; };
		0FA3FEF825BBE0F9008086E3 /* Router.swift in Sources */ = {isa = PBXBuildFile; fileRef = 0FA3FEF725BBE0F9008086E3 /* Router.swift */; };
		0FA3FEFD25BBFB96008086E3 /* PlayerNumber.swift in Sources */ = {isa = PBXBuildFile; fileRef = 0FA3FEFC25BBFB96008086E3 /* PlayerNumber.swift */; };
		0FA3FF0225BBFF32008086E3 /* BaseNavigationViewController.swift in Sources */ = {isa = PBXBuildFile; fileRef = 0FA3FF0125BBFF32008086E3 /* BaseNavigationViewController.swift */; };
		0FA3FF0725BC005C008086E3 /* CommonBraverNavigationController.swift in Sources */ = {isa = PBXBuildFile; fileRef = 0FA3FF0625BC005C008086E3 /* CommonBraverNavigationController.swift */; };
		0FA3FF0C25BC209C008086E3 /* CommonBraverViewModel.swift in Sources */ = {isa = PBXBuildFile; fileRef = 0FA3FF0B25BC209C008086E3 /* CommonBraverViewModel.swift */; };
		0FA3FF1125BC48A5008086E3 /* NumberInputSlider.swift in Sources */ = {isa = PBXBuildFile; fileRef = 0FA3FF1025BC48A5008086E3 /* NumberInputSlider.swift */; };
		0FA3FF1625BC56F5008086E3 /* NumberInputSliderViewModel.swift in Sources */ = {isa = PBXBuildFile; fileRef = 0FA3FF1525BC56F5008086E3 /* NumberInputSliderViewModel.swift */; };
		0FA6518E25D917BD00FD5C9C /* SettingsViewController.swift in Sources */ = {isa = PBXBuildFile; fileRef = 0FA6518D25D917BD00FD5C9C /* SettingsViewController.swift */; };
		0FA6519325D91DD100FD5C9C /* BRScrollView.swift in Sources */ = {isa = PBXBuildFile; fileRef = 0FA6519225D91DD100FD5C9C /* BRScrollView.swift */; };
		0FA6519825D925CC00FD5C9C /* SettingsViewModel.swift in Sources */ = {isa = PBXBuildFile; fileRef = 0FA6519725D925CC00FD5C9C /* SettingsViewModel.swift */; };
		0FAB54D725D8CCDE0097A57E /* QuestionViewController.swift in Sources */ = {isa = PBXBuildFile; fileRef = 0FAB54D625D8CCDE0097A57E /* QuestionViewController.swift */; };
		0FB85E9825C549D500043D16 /* RankingNumberLine.swift in Sources */ = {isa = PBXBuildFile; fileRef = 0FB85E9725C549D500043D16 /* RankingNumberLine.swift */; };
		0FC96EA325BD22350056D472 /* BaseViewController.swift in Sources */ = {isa = PBXBuildFile; fileRef = 0FC96EA225BD22350056D472 /* BaseViewController.swift */; };
		0FC96EAB25BD23450056D472 /* CommonBraverViewController.swift in Sources */ = {isa = PBXBuildFile; fileRef = 0FC96EAA25BD23450056D472 /* CommonBraverViewController.swift */; };
		0FD2E4A925DE981300BD429D /* NameSavedGroupViewController.swift in Sources */ = {isa = PBXBuildFile; fileRef = 0FD2E4A825DE981300BD429D /* NameSavedGroupViewController.swift */; };
		1AEDE54D71EA904DB7342729 /* Pods_BraverTests.framework in Frameworks */ = {isa = PBXBuildFile; fileRef = 7FAA26E1E0DB5CEEA751FD3D /* Pods_BraverTests.framework */; };
		7BD3064B26F3C94CAAE0C8A7 /* Pods_Braver_BraverUITests.framework in Frameworks */ = {isa = PBXBuildFile; fileRef = A901AC049E237A551A2F2392 /* Pods_Braver_BraverUITests.framework */; };
		C54B4C5B5F8EB906293E42B0 /* Pods_Braver.framework in Frameworks */ = {isa = PBXBuildFile; fileRef = 33941134907F82710A43EE56 /* Pods_Braver.framework */; };
/* End PBXBuildFile section */

/* Begin PBXContainerItemProxy section */
		0F6F73D225B2AD6300DFCB25 /* PBXContainerItemProxy */ = {
			isa = PBXContainerItemProxy;
			containerPortal = 0F6F73B325B2AD6000DFCB25 /* Project object */;
			proxyType = 1;
			remoteGlobalIDString = 0F6F73BA25B2AD6000DFCB25;
			remoteInfo = Braver;
		};
		0F6F73DD25B2AD6300DFCB25 /* PBXContainerItemProxy */ = {
			isa = PBXContainerItemProxy;
			containerPortal = 0F6F73B325B2AD6000DFCB25 /* Project object */;
			proxyType = 1;
			remoteGlobalIDString = 0F6F73BA25B2AD6000DFCB25;
			remoteInfo = Braver;
		};
/* End PBXContainerItemProxy section */

/* Begin PBXFileReference section */
		0F528CF925EBA28400686F38 /* ja */ = {isa = PBXFileReference; lastKnownFileType = text.plist.strings; name = ja; path = ja.lproj/LaunchScreen.strings; sourceTree = "<group>"; };
		0F528D0325EBA35000686F38 /* ja */ = {isa = PBXFileReference; lastKnownFileType = text.plist.strings; name = ja; path = ja.lproj/Localizable.strings; sourceTree = "<group>"; };
		0F528D1025EBACA200686F38 /* en */ = {isa = PBXFileReference; lastKnownFileType = text.plist.strings; name = en; path = en.lproj/Localizable.strings; sourceTree = "<group>"; };
		0F529BB825BD4ECC001EBAD6 /* Player.swift */ = {isa = PBXFileReference; lastKnownFileType = sourcecode.swift; path = Player.swift; sourceTree = "<group>"; };
		0F529BC025BD50C9001EBAD6 /* ResultViewController.swift */ = {isa = PBXFileReference; lastKnownFileType = sourcecode.swift; path = ResultViewController.swift; sourceTree = "<group>"; };
		0F529BC525BD781B001EBAD6 /* RankingCell.swift */ = {isa = PBXFileReference; lastKnownFileType = sourcecode.swift; path = RankingCell.swift; sourceTree = "<group>"; };
		0F529BCB25BD7F5D001EBAD6 /* DoRankService.swift */ = {isa = PBXFileReference; lastKnownFileType = sourcecode.swift; path = DoRankService.swift; sourceTree = "<group>"; };
		0F529BD625BD9314001EBAD6 /* Result.swift */ = {isa = PBXFileReference; lastKnownFileType = sourcecode.swift; path = Result.swift; sourceTree = "<group>"; };
		0F5BE5B625D8212E00901F69 /* RuleExplanationViewController.swift */ = {isa = PBXFileReference; lastKnownFileType = sourcecode.swift; path = RuleExplanationViewController.swift; sourceTree = "<group>"; };
		0F6F73BB25B2AD6000DFCB25 /* Braver.app */ = {isa = PBXFileReference; explicitFileType = wrapper.application; includeInIndex = 0; path = Braver.app; sourceTree = BUILT_PRODUCTS_DIR; };
		0F6F73BE25B2AD6000DFCB25 /* AppDelegate.swift */ = {isa = PBXFileReference; lastKnownFileType = sourcecode.swift; path = AppDelegate.swift; sourceTree = "<group>"; };
		0F6F73C025B2AD6000DFCB25 /* SceneDelegate.swift */ = {isa = PBXFileReference; lastKnownFileType = sourcecode.swift; path = SceneDelegate.swift; sourceTree = "<group>"; };
		0F6F73C225B2AD6000DFCB25 /* ViewController.swift */ = {isa = PBXFileReference; lastKnownFileType = sourcecode.swift; path = ViewController.swift; sourceTree = "<group>"; };
		0F6F73C725B2AD6300DFCB25 /* Assets.xcassets */ = {isa = PBXFileReference; lastKnownFileType = folder.assetcatalog; path = Assets.xcassets; sourceTree = "<group>"; };
		0F6F73CA25B2AD6300DFCB25 /* Base */ = {isa = PBXFileReference; lastKnownFileType = file.storyboard; name = Base; path = Base.lproj/LaunchScreen.storyboard; sourceTree = "<group>"; };
		0F6F73CC25B2AD6300DFCB25 /* Info.plist */ = {isa = PBXFileReference; lastKnownFileType = text.plist.xml; path = Info.plist; sourceTree = "<group>"; };
		0F6F73D125B2AD6300DFCB25 /* BraverTests.xctest */ = {isa = PBXFileReference; explicitFileType = wrapper.cfbundle; includeInIndex = 0; path = BraverTests.xctest; sourceTree = BUILT_PRODUCTS_DIR; };
		0F6F73D525B2AD6300DFCB25 /* BraverTests.swift */ = {isa = PBXFileReference; lastKnownFileType = sourcecode.swift; path = BraverTests.swift; sourceTree = "<group>"; };
		0F6F73D725B2AD6300DFCB25 /* Info.plist */ = {isa = PBXFileReference; lastKnownFileType = text.plist.xml; path = Info.plist; sourceTree = "<group>"; };
		0F6F73DC25B2AD6300DFCB25 /* BraverUITests.xctest */ = {isa = PBXFileReference; explicitFileType = wrapper.cfbundle; includeInIndex = 0; path = BraverUITests.xctest; sourceTree = BUILT_PRODUCTS_DIR; };
		0F6F73E025B2AD6300DFCB25 /* BraverUITests.swift */ = {isa = PBXFileReference; lastKnownFileType = sourcecode.swift; path = BraverUITests.swift; sourceTree = "<group>"; };
		0F6F73E225B2AD6300DFCB25 /* Info.plist */ = {isa = PBXFileReference; lastKnownFileType = text.plist.xml; path = Info.plist; sourceTree = "<group>"; };
		0FA3FE7025B425E9008086E3 /* SplashViewController.swift */ = {isa = PBXFileReference; lastKnownFileType = sourcecode.swift; name = SplashViewController.swift; path = Braver/SplashViewController.swift; sourceTree = SOURCE_ROOT; };
		0FA3FE7925B42650008086E3 /* Color.swift */ = {isa = PBXFileReference; lastKnownFileType = sourcecode.swift; path = Color.swift; sourceTree = "<group>"; };
		0FA3FE8425B4267E008086E3 /* GlobalVariables.swift */ = {isa = PBXFileReference; lastKnownFileType = sourcecode.swift; path = GlobalVariables.swift; sourceTree = "<group>"; };
		0FA3FE9125B42BF7008086E3 /* BRLabel.swift */ = {isa = PBXFileReference; lastKnownFileType = sourcecode.swift; name = BRLabel.swift; path = Braver/Util/BRLabel.swift; sourceTree = SOURCE_ROOT; };
		0FA3FE9625B4361E008086E3 /* BRButton.swift */ = {isa = PBXFileReference; lastKnownFileType = sourcecode.swift; name = BRButton.swift; path = Braver/Util/BRButton.swift; sourceTree = SOURCE_ROOT; };
		0FA3FEA425B44AE4008086E3 /* BRImageView.swift */ = {isa = PBXFileReference; lastKnownFileType = sourcecode.swift; name = BRImageView.swift; path = Braver/Util/BRImageView.swift; sourceTree = SOURCE_ROOT; };
		0FA3FEE225B486D1008086E3 /* BRView.swift */ = {isa = PBXFileReference; lastKnownFileType = sourcecode.swift; name = BRView.swift; path = Braver/Util/BRView.swift; sourceTree = SOURCE_ROOT; };
		0FA3FEEE25BBD858008086E3 /* BRAlertController.swift */ = {isa = PBXFileReference; lastKnownFileType = sourcecode.swift; name = BRAlertController.swift; path = Braver/Util/BRAlertController.swift; sourceTree = SOURCE_ROOT; };
		0FA3FEF725BBE0F9008086E3 /* Router.swift */ = {isa = PBXFileReference; lastKnownFileType = sourcecode.swift; name = Router.swift; path = Braver/Util/Router.swift; sourceTree = SOURCE_ROOT; };
		0FA3FEFC25BBFB96008086E3 /* PlayerNumber.swift */ = {isa = PBXFileReference; lastKnownFileType = sourcecode.swift; path = PlayerNumber.swift; sourceTree = "<group>"; };
		0FA3FF0125BBFF32008086E3 /* BaseNavigationViewController.swift */ = {isa = PBXFileReference; lastKnownFileType = sourcecode.swift; name = BaseNavigationViewController.swift; path = Braver/Domain/Model/Enum/BaseNavigationViewController.swift; sourceTree = SOURCE_ROOT; };
		0FA3FF0625BC005C008086E3 /* CommonBraverNavigationController.swift */ = {isa = PBXFileReference; lastKnownFileType = sourcecode.swift; name = CommonBraverNavigationController.swift; path = Braver/Domain/Model/Enum/CommonBraverNavigationController.swift; sourceTree = SOURCE_ROOT; };
		0FA3FF0B25BC209C008086E3 /* CommonBraverViewModel.swift */ = {isa = PBXFileReference; lastKnownFileType = sourcecode.swift; name = CommonBraverViewModel.swift; path = Braver/Domain/Model/Enum/CommonBraverViewModel.swift; sourceTree = SOURCE_ROOT; };
		0FA3FF1025BC48A5008086E3 /* NumberInputSlider.swift */ = {isa = PBXFileReference; lastKnownFileType = sourcecode.swift; name = NumberInputSlider.swift; path = Braver/Domain/Model/Enum/NumberInputSlider.swift; sourceTree = SOURCE_ROOT; };
		0FA3FF1525BC56F5008086E3 /* NumberInputSliderViewModel.swift */ = {isa = PBXFileReference; lastKnownFileType = sourcecode.swift; name = NumberInputSliderViewModel.swift; path = Braver/Domain/Model/Enum/NumberInputSliderViewModel.swift; sourceTree = SOURCE_ROOT; };
		0FA6518D25D917BD00FD5C9C /* SettingsViewController.swift */ = {isa = PBXFileReference; lastKnownFileType = sourcecode.swift; path = SettingsViewController.swift; sourceTree = "<group>"; };
		0FA6519225D91DD100FD5C9C /* BRScrollView.swift */ = {isa = PBXFileReference; lastKnownFileType = sourcecode.swift; path = BRScrollView.swift; sourceTree = "<group>"; };
		0FA6519725D925CC00FD5C9C /* SettingsViewModel.swift */ = {isa = PBXFileReference; lastKnownFileType = sourcecode.swift; path = SettingsViewModel.swift; sourceTree = "<group>"; };
		0FAB54D625D8CCDE0097A57E /* QuestionViewController.swift */ = {isa = PBXFileReference; lastKnownFileType = sourcecode.swift; path = QuestionViewController.swift; sourceTree = "<group>"; };
		0FB85E9725C549D500043D16 /* RankingNumberLine.swift */ = {isa = PBXFileReference; lastKnownFileType = sourcecode.swift; path = RankingNumberLine.swift; sourceTree = "<group>"; };
		0FC96EA225BD22350056D472 /* BaseViewController.swift */ = {isa = PBXFileReference; lastKnownFileType = sourcecode.swift; path = BaseViewController.swift; sourceTree = "<group>"; };
		0FC96EAA25BD23450056D472 /* CommonBraverViewController.swift */ = {isa = PBXFileReference; lastKnownFileType = sourcecode.swift; path = CommonBraverViewController.swift; sourceTree = "<group>"; };
		0FD2E4A825DE981300BD429D /* NameSavedGroupViewController.swift */ = {isa = PBXFileReference; lastKnownFileType = sourcecode.swift; path = NameSavedGroupViewController.swift; sourceTree = "<group>"; };
		1E06BA9B4E671537AD878897 /* Pods-BraverTests.release.xcconfig */ = {isa = PBXFileReference; includeInIndex = 1; lastKnownFileType = text.xcconfig; name = "Pods-BraverTests.release.xcconfig"; path = "Target Support Files/Pods-BraverTests/Pods-BraverTests.release.xcconfig"; sourceTree = "<group>"; };
		33941134907F82710A43EE56 /* Pods_Braver.framework */ = {isa = PBXFileReference; explicitFileType = wrapper.framework; includeInIndex = 0; path = Pods_Braver.framework; sourceTree = BUILT_PRODUCTS_DIR; };
		63CB20DEC0C04050D0D3C3D8 /* Pods-Braver-BraverUITests.release.xcconfig */ = {isa = PBXFileReference; includeInIndex = 1; lastKnownFileType = text.xcconfig; name = "Pods-Braver-BraverUITests.release.xcconfig"; path = "Target Support Files/Pods-Braver-BraverUITests/Pods-Braver-BraverUITests.release.xcconfig"; sourceTree = "<group>"; };
		7AC47AF9F1BB2ABE0A1DC795 /* Pods-BraverTests.debug.xcconfig */ = {isa = PBXFileReference; includeInIndex = 1; lastKnownFileType = text.xcconfig; name = "Pods-BraverTests.debug.xcconfig"; path = "Target Support Files/Pods-BraverTests/Pods-BraverTests.debug.xcconfig"; sourceTree = "<group>"; };
		7FAA26E1E0DB5CEEA751FD3D /* Pods_BraverTests.framework */ = {isa = PBXFileReference; explicitFileType = wrapper.framework; includeInIndex = 0; path = Pods_BraverTests.framework; sourceTree = BUILT_PRODUCTS_DIR; };
		A848E60940FEE9B3BA51CC59 /* Pods-Braver.debug.xcconfig */ = {isa = PBXFileReference; includeInIndex = 1; lastKnownFileType = text.xcconfig; name = "Pods-Braver.debug.xcconfig"; path = "Target Support Files/Pods-Braver/Pods-Braver.debug.xcconfig"; sourceTree = "<group>"; };
		A901AC049E237A551A2F2392 /* Pods_Braver_BraverUITests.framework */ = {isa = PBXFileReference; explicitFileType = wrapper.framework; includeInIndex = 0; path = Pods_Braver_BraverUITests.framework; sourceTree = BUILT_PRODUCTS_DIR; };
		CE56216D1BA20916903E4F3E /* Pods-Braver-BraverUITests.debug.xcconfig */ = {isa = PBXFileReference; includeInIndex = 1; lastKnownFileType = text.xcconfig; name = "Pods-Braver-BraverUITests.debug.xcconfig"; path = "Target Support Files/Pods-Braver-BraverUITests/Pods-Braver-BraverUITests.debug.xcconfig"; sourceTree = "<group>"; };
		D33A7367A671CFDE0802F60D /* Pods-Braver.release.xcconfig */ = {isa = PBXFileReference; includeInIndex = 1; lastKnownFileType = text.xcconfig; name = "Pods-Braver.release.xcconfig"; path = "Target Support Files/Pods-Braver/Pods-Braver.release.xcconfig"; sourceTree = "<group>"; };
/* End PBXFileReference section */

/* Begin PBXFrameworksBuildPhase section */
		0F6F73B825B2AD6000DFCB25 /* Frameworks */ = {
			isa = PBXFrameworksBuildPhase;
			buildActionMask = 2147483647;
			files = (
				C54B4C5B5F8EB906293E42B0 /* Pods_Braver.framework in Frameworks */,
			);
			runOnlyForDeploymentPostprocessing = 0;
		};
		0F6F73CE25B2AD6300DFCB25 /* Frameworks */ = {
			isa = PBXFrameworksBuildPhase;
			buildActionMask = 2147483647;
			files = (
				1AEDE54D71EA904DB7342729 /* Pods_BraverTests.framework in Frameworks */,
			);
			runOnlyForDeploymentPostprocessing = 0;
		};
		0F6F73D925B2AD6300DFCB25 /* Frameworks */ = {
			isa = PBXFrameworksBuildPhase;
			buildActionMask = 2147483647;
			files = (
				7BD3064B26F3C94CAAE0C8A7 /* Pods_Braver_BraverUITests.framework in Frameworks */,
			);
			runOnlyForDeploymentPostprocessing = 0;
		};
/* End PBXFrameworksBuildPhase section */

/* Begin PBXGroup section */
		0F529BCA25BD7F14001EBAD6 /* Service */ = {
			isa = PBXGroup;
			children = (
				0F529BCB25BD7F5D001EBAD6 /* DoRankService.swift */,
			);
			path = Service;
			sourceTree = "<group>";
		};
		0F6F73B225B2AD6000DFCB25 = {
			isa = PBXGroup;
			children = (
				0F528D0425EBA35000686F38 /* Localizable.strings */,
				0F6F73BD25B2AD6000DFCB25 /* Braver */,
				0F6F73D425B2AD6300DFCB25 /* BraverTests */,
				0F6F73DF25B2AD6300DFCB25 /* BraverUITests */,
				0F6F73BC25B2AD6000DFCB25 /* Products */,
				D8A4D8CAE46C196A90761E1A /* Pods */,
				709618DCE4481078C11DEFEA /* Frameworks */,
			);
			sourceTree = "<group>";
		};
		0F6F73BC25B2AD6000DFCB25 /* Products */ = {
			isa = PBXGroup;
			children = (
				0F6F73BB25B2AD6000DFCB25 /* Braver.app */,
				0F6F73D125B2AD6300DFCB25 /* BraverTests.xctest */,
				0F6F73DC25B2AD6300DFCB25 /* BraverUITests.xctest */,
			);
			name = Products;
			sourceTree = "<group>";
		};
		0F6F73BD25B2AD6000DFCB25 /* Braver */ = {
			isa = PBXGroup;
			children = (
				0FA3FE6F25B4257E008086E3 /* Util */,
				0FA3FE6825B42575008086E3 /* Presentation */,
				0FA3FE6325B4255E008086E3 /* Domain */,
				0F6F73BE25B2AD6000DFCB25 /* AppDelegate.swift */,
				0F6F73C025B2AD6000DFCB25 /* SceneDelegate.swift */,
				0F6F73C225B2AD6000DFCB25 /* ViewController.swift */,
				0F6F73C725B2AD6300DFCB25 /* Assets.xcassets */,
				0F6F73C925B2AD6300DFCB25 /* LaunchScreen.storyboard */,
				0F6F73CC25B2AD6300DFCB25 /* Info.plist */,
			);
			path = Braver;
			sourceTree = "<group>";
		};
		0F6F73D425B2AD6300DFCB25 /* BraverTests */ = {
			isa = PBXGroup;
			children = (
				0F6F73D525B2AD6300DFCB25 /* BraverTests.swift */,
				0F6F73D725B2AD6300DFCB25 /* Info.plist */,
			);
			path = BraverTests;
			sourceTree = "<group>";
		};
		0F6F73DF25B2AD6300DFCB25 /* BraverUITests */ = {
			isa = PBXGroup;
			children = (
				0F6F73E025B2AD6300DFCB25 /* BraverUITests.swift */,
				0F6F73E225B2AD6300DFCB25 /* Info.plist */,
			);
			path = BraverUITests;
			sourceTree = "<group>";
		};
		0FA3FE6325B4255E008086E3 /* Domain */ = {
			isa = PBXGroup;
			children = (
				0F529BCA25BD7F14001EBAD6 /* Service */,
				0FA3FE6425B4255E008086E3 /* Repository */,
				0FA3FE6525B4255E008086E3 /* Model */,
				0FA3FE6625B4255E008086E3 /* UseCase */,
			);
			path = Domain;
			sourceTree = "<group>";
		};
		0FA3FE6425B4255E008086E3 /* Repository */ = {
			isa = PBXGroup;
			children = (
			);
			path = Repository;
			sourceTree = "<group>";
		};
		0FA3FE6525B4255E008086E3 /* Model */ = {
			isa = PBXGroup;
			children = (
				0FA3FE7825B42648008086E3 /* Enum */,
				0F529BB825BD4ECC001EBAD6 /* Player.swift */,
				0F529BD625BD9314001EBAD6 /* Result.swift */,
			);
			path = Model;
			sourceTree = "<group>";
		};
		0FA3FE6625B4255E008086E3 /* UseCase */ = {
			isa = PBXGroup;
			children = (
				0FA3FE6725B4255E008086E3 /* Translater */,
			);
			path = UseCase;
			sourceTree = "<group>";
		};
		0FA3FE6725B4255E008086E3 /* Translater */ = {
			isa = PBXGroup;
			children = (
			);
			path = Translater;
			sourceTree = "<group>";
		};
		0FA3FE6825B42575008086E3 /* Presentation */ = {
			isa = PBXGroup;
			children = (
				0FA3FE6925B42575008086E3 /* UI */,
				0FA3FE6E25B42575008086E3 /* Presenter */,
			);
			path = Presentation;
			sourceTree = "<group>";
		};
		0FA3FE6925B42575008086E3 /* UI */ = {
			isa = PBXGroup;
			children = (
				0FA3FEF625BBE0E8008086E3 /* Router */,
				0FA3FEED25BBD828008086E3 /* CommonUI */,
				0FA3FE6A25B42575008086E3 /* ViewModel */,
				0FA3FE6B25B42575008086E3 /* Cell */,
				0FA3FE6C25B42575008086E3 /* View */,
				0FA3FE6D25B42575008086E3 /* ViewController */,
			);
			path = UI;
			sourceTree = "<group>";
		};
		0FA3FE6A25B42575008086E3 /* ViewModel */ = {
			isa = PBXGroup;
			children = (
				0FA3FF0B25BC209C008086E3 /* CommonBraverViewModel.swift */,
				0FA3FF1525BC56F5008086E3 /* NumberInputSliderViewModel.swift */,
				0FA6519725D925CC00FD5C9C /* SettingsViewModel.swift */,
			);
			path = ViewModel;
			sourceTree = "<group>";
		};
		0FA3FE6B25B42575008086E3 /* Cell */ = {
			isa = PBXGroup;
			children = (
				0F529BC525BD781B001EBAD6 /* RankingCell.swift */,
			);
			path = Cell;
			sourceTree = "<group>";
		};
		0FA3FE6C25B42575008086E3 /* View */ = {
			isa = PBXGroup;
			children = (
				0FA3FE9125B42BF7008086E3 /* BRLabel.swift */,
				0FA3FE9625B4361E008086E3 /* BRButton.swift */,
				0FA3FEA425B44AE4008086E3 /* BRImageView.swift */,
				0FA3FEE225B486D1008086E3 /* BRView.swift */,
				0FA6519225D91DD100FD5C9C /* BRScrollView.swift */,
			);
			path = View;
			sourceTree = "<group>";
		};
		0FA3FE6D25B42575008086E3 /* ViewController */ = {
			isa = PBXGroup;
			children = (
				0FA3FE7025B425E9008086E3 /* SplashViewController.swift */,
				0FAB54D625D8CCDE0097A57E /* QuestionViewController.swift */,
				0FA3FF0125BBFF32008086E3 /* BaseNavigationViewController.swift */,
				0FA3FF0625BC005C008086E3 /* CommonBraverNavigationController.swift */,
				0FC96EA225BD22350056D472 /* BaseViewController.swift */,
				0FC96EAA25BD23450056D472 /* CommonBraverViewController.swift */,
				0F529BC025BD50C9001EBAD6 /* ResultViewController.swift */,
				0F5BE5B625D8212E00901F69 /* RuleExplanationViewController.swift */,
				0FA6518D25D917BD00FD5C9C /* SettingsViewController.swift */,
				0FD2E4A825DE981300BD429D /* NameSavedGroupViewController.swift */,
			);
			path = ViewController;
			sourceTree = "<group>";
		};
		0FA3FE6E25B42575008086E3 /* Presenter */ = {
			isa = PBXGroup;
			children = (
			);
			path = Presenter;
			sourceTree = "<group>";
		};
		0FA3FE6F25B4257E008086E3 /* Util */ = {
			isa = PBXGroup;
			children = (
				0FA3FE8425B4267E008086E3 /* GlobalVariables.swift */,
			);
			name = Util;
			path = Braver/Util;
			sourceTree = SOURCE_ROOT;
		};
		0FA3FE7825B42648008086E3 /* Enum */ = {
			isa = PBXGroup;
			children = (
				0FA3FE7925B42650008086E3 /* Color.swift */,
				0FA3FEFC25BBFB96008086E3 /* PlayerNumber.swift */,
			);
			path = Enum;
			sourceTree = "<group>";
		};
		0FA3FEED25BBD828008086E3 /* CommonUI */ = {
			isa = PBXGroup;
			children = (
				0FA3FEEE25BBD858008086E3 /* BRAlertController.swift */,
				0FA3FF1025BC48A5008086E3 /* NumberInputSlider.swift */,
				0FB85E9725C549D500043D16 /* RankingNumberLine.swift */,
			);
			path = CommonUI;
			sourceTree = "<group>";
		};
		0FA3FEF625BBE0E8008086E3 /* Router */ = {
			isa = PBXGroup;
			children = (
				0FA3FEF725BBE0F9008086E3 /* Router.swift */,
			);
			path = Router;
			sourceTree = "<group>";
		};
		709618DCE4481078C11DEFEA /* Frameworks */ = {
			isa = PBXGroup;
			children = (
				33941134907F82710A43EE56 /* Pods_Braver.framework */,
				A901AC049E237A551A2F2392 /* Pods_Braver_BraverUITests.framework */,
				7FAA26E1E0DB5CEEA751FD3D /* Pods_BraverTests.framework */,
			);
			name = Frameworks;
			sourceTree = "<group>";
		};
		D8A4D8CAE46C196A90761E1A /* Pods */ = {
			isa = PBXGroup;
			children = (
				A848E60940FEE9B3BA51CC59 /* Pods-Braver.debug.xcconfig */,
				D33A7367A671CFDE0802F60D /* Pods-Braver.release.xcconfig */,
				CE56216D1BA20916903E4F3E /* Pods-Braver-BraverUITests.debug.xcconfig */,
				63CB20DEC0C04050D0D3C3D8 /* Pods-Braver-BraverUITests.release.xcconfig */,
				7AC47AF9F1BB2ABE0A1DC795 /* Pods-BraverTests.debug.xcconfig */,
				1E06BA9B4E671537AD878897 /* Pods-BraverTests.release.xcconfig */,
			);
			path = Pods;
			sourceTree = "<group>";
		};
/* End PBXGroup section */

/* Begin PBXNativeTarget section */
		0F6F73BA25B2AD6000DFCB25 /* Braver */ = {
			isa = PBXNativeTarget;
			buildConfigurationList = 0F6F73E525B2AD6300DFCB25 /* Build configuration list for PBXNativeTarget "Braver" */;
			buildPhases = (
				D8D8278F1B2EDD335E8A1E7D /* [CP] Check Pods Manifest.lock */,
				0F6F73B725B2AD6000DFCB25 /* Sources */,
				0F6F73B825B2AD6000DFCB25 /* Frameworks */,
				0F6F73B925B2AD6000DFCB25 /* Resources */,
				39420B25A9DAFED35107B871 /* [CP] Embed Pods Frameworks */,
			);
			buildRules = (
			);
			dependencies = (
			);
			name = Braver;
			productName = Braver;
			productReference = 0F6F73BB25B2AD6000DFCB25 /* Braver.app */;
			productType = "com.apple.product-type.application";
		};
		0F6F73D025B2AD6300DFCB25 /* BraverTests */ = {
			isa = PBXNativeTarget;
			buildConfigurationList = 0F6F73E825B2AD6300DFCB25 /* Build configuration list for PBXNativeTarget "BraverTests" */;
			buildPhases = (
				CD26A2762CBAFB595EFBE696 /* [CP] Check Pods Manifest.lock */,
				0F6F73CD25B2AD6300DFCB25 /* Sources */,
				0F6F73CE25B2AD6300DFCB25 /* Frameworks */,
				0F6F73CF25B2AD6300DFCB25 /* Resources */,
			);
			buildRules = (
			);
			dependencies = (
				0F6F73D325B2AD6300DFCB25 /* PBXTargetDependency */,
			);
			name = BraverTests;
			productName = BraverTests;
			productReference = 0F6F73D125B2AD6300DFCB25 /* BraverTests.xctest */;
			productType = "com.apple.product-type.bundle.unit-test";
		};
		0F6F73DB25B2AD6300DFCB25 /* BraverUITests */ = {
			isa = PBXNativeTarget;
			buildConfigurationList = 0F6F73EB25B2AD6300DFCB25 /* Build configuration list for PBXNativeTarget "BraverUITests" */;
			buildPhases = (
				418803923EB534FCD30C479E /* [CP] Check Pods Manifest.lock */,
				0F6F73D825B2AD6300DFCB25 /* Sources */,
				0F6F73D925B2AD6300DFCB25 /* Frameworks */,
				0F6F73DA25B2AD6300DFCB25 /* Resources */,
				F03A26826CCB9FD8D7013B6C /* [CP] Embed Pods Frameworks */,
			);
			buildRules = (
			);
			dependencies = (
				0F6F73DE25B2AD6300DFCB25 /* PBXTargetDependency */,
			);
			name = BraverUITests;
			productName = BraverUITests;
			productReference = 0F6F73DC25B2AD6300DFCB25 /* BraverUITests.xctest */;
			productType = "com.apple.product-type.bundle.ui-testing";
		};
/* End PBXNativeTarget section */

/* Begin PBXProject section */
		0F6F73B325B2AD6000DFCB25 /* Project object */ = {
			isa = PBXProject;
			attributes = {
				LastSwiftUpdateCheck = 1230;
				LastUpgradeCheck = 1230;
				TargetAttributes = {
					0F6F73BA25B2AD6000DFCB25 = {
						CreatedOnToolsVersion = 12.3;
					};
					0F6F73D025B2AD6300DFCB25 = {
						CreatedOnToolsVersion = 12.3;
						TestTargetID = 0F6F73BA25B2AD6000DFCB25;
					};
					0F6F73DB25B2AD6300DFCB25 = {
						CreatedOnToolsVersion = 12.3;
						TestTargetID = 0F6F73BA25B2AD6000DFCB25;
					};
				};
			};
			buildConfigurationList = 0F6F73B625B2AD6000DFCB25 /* Build configuration list for PBXProject "Braver" */;
			compatibilityVersion = "Xcode 9.3";
			developmentRegion = en;
			hasScannedForEncodings = 0;
			knownRegions = (
				en,
				Base,
				ja,
			);
			mainGroup = 0F6F73B225B2AD6000DFCB25;
			productRefGroup = 0F6F73BC25B2AD6000DFCB25 /* Products */;
			projectDirPath = "";
			projectRoot = "";
			targets = (
				0F6F73BA25B2AD6000DFCB25 /* Braver */,
				0F6F73D025B2AD6300DFCB25 /* BraverTests */,
				0F6F73DB25B2AD6300DFCB25 /* BraverUITests */,
			);
		};
/* End PBXProject section */

/* Begin PBXResourcesBuildPhase section */
		0F6F73B925B2AD6000DFCB25 /* Resources */ = {
			isa = PBXResourcesBuildPhase;
			buildActionMask = 2147483647;
			files = (
				0F6F73CB25B2AD6300DFCB25 /* LaunchScreen.storyboard in Resources */,
				0F528D0225EBA35000686F38 /* Localizable.strings in Resources */,
				0F6F73C825B2AD6300DFCB25 /* Assets.xcassets in Resources */,
			);
			runOnlyForDeploymentPostprocessing = 0;
		};
		0F6F73CF25B2AD6300DFCB25 /* Resources */ = {
			isa = PBXResourcesBuildPhase;
			buildActionMask = 2147483647;
			files = (
			);
			runOnlyForDeploymentPostprocessing = 0;
		};
		0F6F73DA25B2AD6300DFCB25 /* Resources */ = {
			isa = PBXResourcesBuildPhase;
			buildActionMask = 2147483647;
			files = (
			);
			runOnlyForDeploymentPostprocessing = 0;
		};
/* End PBXResourcesBuildPhase section */

/* Begin PBXShellScriptBuildPhase section */
		39420B25A9DAFED35107B871 /* [CP] Embed Pods Frameworks */ = {
			isa = PBXShellScriptBuildPhase;
			buildActionMask = 2147483647;
			files = (
			);
			inputFileListPaths = (
				"${PODS_ROOT}/Target Support Files/Pods-Braver/Pods-Braver-frameworks-${CONFIGURATION}-input-files.xcfilelist",
			);
			name = "[CP] Embed Pods Frameworks";
			outputFileListPaths = (
				"${PODS_ROOT}/Target Support Files/Pods-Braver/Pods-Braver-frameworks-${CONFIGURATION}-output-files.xcfilelist",
			);
			runOnlyForDeploymentPostprocessing = 0;
			shellPath = /bin/sh;
			shellScript = "\"${PODS_ROOT}/Target Support Files/Pods-Braver/Pods-Braver-frameworks.sh\"\n";
			showEnvVarsInLog = 0;
		};
		418803923EB534FCD30C479E /* [CP] Check Pods Manifest.lock */ = {
			isa = PBXShellScriptBuildPhase;
			buildActionMask = 2147483647;
			files = (
			);
			inputFileListPaths = (
			);
			inputPaths = (
				"${PODS_PODFILE_DIR_PATH}/Podfile.lock",
				"${PODS_ROOT}/Manifest.lock",
			);
			name = "[CP] Check Pods Manifest.lock";
			outputFileListPaths = (
			);
			outputPaths = (
				"$(DERIVED_FILE_DIR)/Pods-Braver-BraverUITests-checkManifestLockResult.txt",
			);
			runOnlyForDeploymentPostprocessing = 0;
			shellPath = /bin/sh;
			shellScript = "diff \"${PODS_PODFILE_DIR_PATH}/Podfile.lock\" \"${PODS_ROOT}/Manifest.lock\" > /dev/null\nif [ $? != 0 ] ; then\n    # print error to STDERR\n    echo \"error: The sandbox is not in sync with the Podfile.lock. Run 'pod install' or update your CocoaPods installation.\" >&2\n    exit 1\nfi\n# This output is used by Xcode 'outputs' to avoid re-running this script phase.\necho \"SUCCESS\" > \"${SCRIPT_OUTPUT_FILE_0}\"\n";
			showEnvVarsInLog = 0;
		};
		CD26A2762CBAFB595EFBE696 /* [CP] Check Pods Manifest.lock */ = {
			isa = PBXShellScriptBuildPhase;
			buildActionMask = 2147483647;
			files = (
			);
			inputFileListPaths = (
			);
			inputPaths = (
				"${PODS_PODFILE_DIR_PATH}/Podfile.lock",
				"${PODS_ROOT}/Manifest.lock",
			);
			name = "[CP] Check Pods Manifest.lock";
			outputFileListPaths = (
			);
			outputPaths = (
				"$(DERIVED_FILE_DIR)/Pods-BraverTests-checkManifestLockResult.txt",
			);
			runOnlyForDeploymentPostprocessing = 0;
			shellPath = /bin/sh;
			shellScript = "diff \"${PODS_PODFILE_DIR_PATH}/Podfile.lock\" \"${PODS_ROOT}/Manifest.lock\" > /dev/null\nif [ $? != 0 ] ; then\n    # print error to STDERR\n    echo \"error: The sandbox is not in sync with the Podfile.lock. Run 'pod install' or update your CocoaPods installation.\" >&2\n    exit 1\nfi\n# This output is used by Xcode 'outputs' to avoid re-running this script phase.\necho \"SUCCESS\" > \"${SCRIPT_OUTPUT_FILE_0}\"\n";
			showEnvVarsInLog = 0;
		};
		D8D8278F1B2EDD335E8A1E7D /* [CP] Check Pods Manifest.lock */ = {
			isa = PBXShellScriptBuildPhase;
			buildActionMask = 2147483647;
			files = (
			);
			inputFileListPaths = (
			);
			inputPaths = (
				"${PODS_PODFILE_DIR_PATH}/Podfile.lock",
				"${PODS_ROOT}/Manifest.lock",
			);
			name = "[CP] Check Pods Manifest.lock";
			outputFileListPaths = (
			);
			outputPaths = (
				"$(DERIVED_FILE_DIR)/Pods-Braver-checkManifestLockResult.txt",
			);
			runOnlyForDeploymentPostprocessing = 0;
			shellPath = /bin/sh;
			shellScript = "diff \"${PODS_PODFILE_DIR_PATH}/Podfile.lock\" \"${PODS_ROOT}/Manifest.lock\" > /dev/null\nif [ $? != 0 ] ; then\n    # print error to STDERR\n    echo \"error: The sandbox is not in sync with the Podfile.lock. Run 'pod install' or update your CocoaPods installation.\" >&2\n    exit 1\nfi\n# This output is used by Xcode 'outputs' to avoid re-running this script phase.\necho \"SUCCESS\" > \"${SCRIPT_OUTPUT_FILE_0}\"\n";
			showEnvVarsInLog = 0;
		};
		F03A26826CCB9FD8D7013B6C /* [CP] Embed Pods Frameworks */ = {
			isa = PBXShellScriptBuildPhase;
			buildActionMask = 2147483647;
			files = (
			);
			inputFileListPaths = (
				"${PODS_ROOT}/Target Support Files/Pods-Braver-BraverUITests/Pods-Braver-BraverUITests-frameworks-${CONFIGURATION}-input-files.xcfilelist",
			);
			name = "[CP] Embed Pods Frameworks";
			outputFileListPaths = (
				"${PODS_ROOT}/Target Support Files/Pods-Braver-BraverUITests/Pods-Braver-BraverUITests-frameworks-${CONFIGURATION}-output-files.xcfilelist",
			);
			runOnlyForDeploymentPostprocessing = 0;
			shellPath = /bin/sh;
			shellScript = "\"${PODS_ROOT}/Target Support Files/Pods-Braver-BraverUITests/Pods-Braver-BraverUITests-frameworks.sh\"\n";
			showEnvVarsInLog = 0;
		};
/* End PBXShellScriptBuildPhase section */

/* Begin PBXSourcesBuildPhase section */
		0F6F73B725B2AD6000DFCB25 /* Sources */ = {
			isa = PBXSourcesBuildPhase;
			buildActionMask = 2147483647;
			files = (
				0FA3FEA525B44AE4008086E3 /* BRImageView.swift in Sources */,
				0FB85E9825C549D500043D16 /* RankingNumberLine.swift in Sources */,
				0FAB54D725D8CCDE0097A57E /* QuestionViewController.swift in Sources */,
				0FA3FE8525B4267E008086E3 /* GlobalVariables.swift in Sources */,
				0FA3FE9725B4361E008086E3 /* BRButton.swift in Sources */,
				0FA3FEFD25BBFB96008086E3 /* PlayerNumber.swift in Sources */,
				0FC96EA325BD22350056D472 /* BaseViewController.swift in Sources */,
				0FA3FF0725BC005C008086E3 /* CommonBraverNavigationController.swift in Sources */,
				0F529BD725BD9314001EBAD6 /* Result.swift in Sources */,
				0F529BC625BD781B001EBAD6 /* RankingCell.swift in Sources */,
				0F529BB925BD4ECC001EBAD6 /* Player.swift in Sources */,
				0FA3FF1125BC48A5008086E3 /* NumberInputSlider.swift in Sources */,
				0FA3FE9225B42BF7008086E3 /* BRLabel.swift in Sources */,
				0FA6519325D91DD100FD5C9C /* BRScrollView.swift in Sources */,
				0FA3FF0225BBFF32008086E3 /* BaseNavigationViewController.swift in Sources */,
				0FA3FEF825BBE0F9008086E3 /* Router.swift in Sources */,
				0FA3FEEF25BBD858008086E3 /* BRAlertController.swift in Sources */,
				0FD2E4A925DE981300BD429D /* NameSavedGroupViewController.swift in Sources */,
				0FA3FE7A25B42650008086E3 /* Color.swift in Sources */,
				0FA6519825D925CC00FD5C9C /* SettingsViewModel.swift in Sources */,
				0F529BCC25BD7F5D001EBAD6 /* DoRankService.swift in Sources */,
				0F6F73C325B2AD6000DFCB25 /* ViewController.swift in Sources */,
				0F6F73BF25B2AD6000DFCB25 /* AppDelegate.swift in Sources */,
				0FC96EAB25BD23450056D472 /* CommonBraverViewController.swift in Sources */,
				0F6F73C125B2AD6000DFCB25 /* SceneDelegate.swift in Sources */,
				0FA3FF0C25BC209C008086E3 /* CommonBraverViewModel.swift in Sources */,
				0FA6518E25D917BD00FD5C9C /* SettingsViewController.swift in Sources */,
				0FA3FEE325B486D1008086E3 /* BRView.swift in Sources */,
				0F5BE5B725D8212E00901F69 /* RuleExplanationViewController.swift in Sources */,
				0FA3FF1625BC56F5008086E3 /* NumberInputSliderViewModel.swift in Sources */,
				0FA3FE7125B425E9008086E3 /* SplashViewController.swift in Sources */,
				0F529BC125BD50C9001EBAD6 /* ResultViewController.swift in Sources */,
			);
			runOnlyForDeploymentPostprocessing = 0;
		};
		0F6F73CD25B2AD6300DFCB25 /* Sources */ = {
			isa = PBXSourcesBuildPhase;
			buildActionMask = 2147483647;
			files = (
				0F6F73D625B2AD6300DFCB25 /* BraverTests.swift in Sources */,
			);
			runOnlyForDeploymentPostprocessing = 0;
		};
		0F6F73D825B2AD6300DFCB25 /* Sources */ = {
			isa = PBXSourcesBuildPhase;
			buildActionMask = 2147483647;
			files = (
				0F6F73E125B2AD6300DFCB25 /* BraverUITests.swift in Sources */,
			);
			runOnlyForDeploymentPostprocessing = 0;
		};
/* End PBXSourcesBuildPhase section */

/* Begin PBXTargetDependency section */
		0F6F73D325B2AD6300DFCB25 /* PBXTargetDependency */ = {
			isa = PBXTargetDependency;
			target = 0F6F73BA25B2AD6000DFCB25 /* Braver */;
			targetProxy = 0F6F73D225B2AD6300DFCB25 /* PBXContainerItemProxy */;
		};
		0F6F73DE25B2AD6300DFCB25 /* PBXTargetDependency */ = {
			isa = PBXTargetDependency;
			target = 0F6F73BA25B2AD6000DFCB25 /* Braver */;
			targetProxy = 0F6F73DD25B2AD6300DFCB25 /* PBXContainerItemProxy */;
		};
/* End PBXTargetDependency section */

/* Begin PBXVariantGroup section */
		0F528D0425EBA35000686F38 /* Localizable.strings */ = {
			isa = PBXVariantGroup;
			children = (
				0F528D0325EBA35000686F38 /* ja */,
				0F528D1025EBACA200686F38 /* en */,
			);
			name = Localizable.strings;
			sourceTree = "<group>";
			usesTabs = 0;
		};
		0F6F73C925B2AD6300DFCB25 /* LaunchScreen.storyboard */ = {
			isa = PBXVariantGroup;
			children = (
				0F6F73CA25B2AD6300DFCB25 /* Base */,
				0F528CF925EBA28400686F38 /* ja */,
			);
			name = LaunchScreen.storyboard;
			sourceTree = "<group>";
		};
/* End PBXVariantGroup section */

/* Begin XCBuildConfiguration section */
		0F6F73E325B2AD6300DFCB25 /* Debug */ = {
			isa = XCBuildConfiguration;
			buildSettings = {
				ALWAYS_SEARCH_USER_PATHS = NO;
				CLANG_ANALYZER_LOCALIZABILITY_NONLOCALIZED = YES;
				CLANG_ANALYZER_NONNULL = YES;
				CLANG_ANALYZER_NUMBER_OBJECT_CONVERSION = YES_AGGRESSIVE;
				CLANG_CXX_LANGUAGE_STANDARD = "gnu++14";
				CLANG_CXX_LIBRARY = "libc++";
				CLANG_ENABLE_MODULES = YES;
				CLANG_ENABLE_OBJC_ARC = YES;
				CLANG_ENABLE_OBJC_WEAK = YES;
				CLANG_WARN_BLOCK_CAPTURE_AUTORELEASING = YES;
				CLANG_WARN_BOOL_CONVERSION = YES;
				CLANG_WARN_COMMA = YES;
				CLANG_WARN_CONSTANT_CONVERSION = YES;
				CLANG_WARN_DEPRECATED_OBJC_IMPLEMENTATIONS = YES;
				CLANG_WARN_DIRECT_OBJC_ISA_USAGE = YES_ERROR;
				CLANG_WARN_DOCUMENTATION_COMMENTS = YES;
				CLANG_WARN_EMPTY_BODY = YES;
				CLANG_WARN_ENUM_CONVERSION = YES;
				CLANG_WARN_INFINITE_RECURSION = YES;
				CLANG_WARN_INT_CONVERSION = YES;
				CLANG_WARN_NON_LITERAL_NULL_CONVERSION = YES;
				CLANG_WARN_OBJC_IMPLICIT_RETAIN_SELF = YES;
				CLANG_WARN_OBJC_LITERAL_CONVERSION = YES;
				CLANG_WARN_OBJC_ROOT_CLASS = YES_ERROR;
				CLANG_WARN_QUOTED_INCLUDE_IN_FRAMEWORK_HEADER = YES;
				CLANG_WARN_RANGE_LOOP_ANALYSIS = YES;
				CLANG_WARN_STRICT_PROTOTYPES = YES;
				CLANG_WARN_SUSPICIOUS_MOVE = YES;
				CLANG_WARN_UNGUARDED_AVAILABILITY = YES_AGGRESSIVE;
				CLANG_WARN_UNREACHABLE_CODE = YES;
				CLANG_WARN__DUPLICATE_METHOD_MATCH = YES;
				COPY_PHASE_STRIP = NO;
				DEBUG_INFORMATION_FORMAT = dwarf;
				ENABLE_STRICT_OBJC_MSGSEND = YES;
				ENABLE_TESTABILITY = YES;
				GCC_C_LANGUAGE_STANDARD = gnu11;
				GCC_DYNAMIC_NO_PIC = NO;
				GCC_NO_COMMON_BLOCKS = YES;
				GCC_OPTIMIZATION_LEVEL = 0;
				GCC_PREPROCESSOR_DEFINITIONS = (
					"DEBUG=1",
					"$(inherited)",
				);
				GCC_WARN_64_TO_32_BIT_CONVERSION = YES;
				GCC_WARN_ABOUT_RETURN_TYPE = YES_ERROR;
				GCC_WARN_UNDECLARED_SELECTOR = YES;
				GCC_WARN_UNINITIALIZED_AUTOS = YES_AGGRESSIVE;
				GCC_WARN_UNUSED_FUNCTION = YES;
				GCC_WARN_UNUSED_VARIABLE = YES;
				IPHONEOS_DEPLOYMENT_TARGET = 14.3;
				MTL_ENABLE_DEBUG_INFO = INCLUDE_SOURCE;
				MTL_FAST_MATH = YES;
				ONLY_ACTIVE_ARCH = YES;
				SDKROOT = iphoneos;
				SWIFT_ACTIVE_COMPILATION_CONDITIONS = DEBUG;
				SWIFT_OPTIMIZATION_LEVEL = "-Onone";
			};
			name = Debug;
		};
		0F6F73E425B2AD6300DFCB25 /* Release */ = {
			isa = XCBuildConfiguration;
			buildSettings = {
				ALWAYS_SEARCH_USER_PATHS = NO;
				CLANG_ANALYZER_LOCALIZABILITY_NONLOCALIZED = YES;
				CLANG_ANALYZER_NONNULL = YES;
				CLANG_ANALYZER_NUMBER_OBJECT_CONVERSION = YES_AGGRESSIVE;
				CLANG_CXX_LANGUAGE_STANDARD = "gnu++14";
				CLANG_CXX_LIBRARY = "libc++";
				CLANG_ENABLE_MODULES = YES;
				CLANG_ENABLE_OBJC_ARC = YES;
				CLANG_ENABLE_OBJC_WEAK = YES;
				CLANG_WARN_BLOCK_CAPTURE_AUTORELEASING = YES;
				CLANG_WARN_BOOL_CONVERSION = YES;
				CLANG_WARN_COMMA = YES;
				CLANG_WARN_CONSTANT_CONVERSION = YES;
				CLANG_WARN_DEPRECATED_OBJC_IMPLEMENTATIONS = YES;
				CLANG_WARN_DIRECT_OBJC_ISA_USAGE = YES_ERROR;
				CLANG_WARN_DOCUMENTATION_COMMENTS = YES;
				CLANG_WARN_EMPTY_BODY = YES;
				CLANG_WARN_ENUM_CONVERSION = YES;
				CLANG_WARN_INFINITE_RECURSION = YES;
				CLANG_WARN_INT_CONVERSION = YES;
				CLANG_WARN_NON_LITERAL_NULL_CONVERSION = YES;
				CLANG_WARN_OBJC_IMPLICIT_RETAIN_SELF = YES;
				CLANG_WARN_OBJC_LITERAL_CONVERSION = YES;
				CLANG_WARN_OBJC_ROOT_CLASS = YES_ERROR;
				CLANG_WARN_QUOTED_INCLUDE_IN_FRAMEWORK_HEADER = YES;
				CLANG_WARN_RANGE_LOOP_ANALYSIS = YES;
				CLANG_WARN_STRICT_PROTOTYPES = YES;
				CLANG_WARN_SUSPICIOUS_MOVE = YES;
				CLANG_WARN_UNGUARDED_AVAILABILITY = YES_AGGRESSIVE;
				CLANG_WARN_UNREACHABLE_CODE = YES;
				CLANG_WARN__DUPLICATE_METHOD_MATCH = YES;
				COPY_PHASE_STRIP = NO;
				DEBUG_INFORMATION_FORMAT = "dwarf-with-dsym";
				ENABLE_NS_ASSERTIONS = NO;
				ENABLE_STRICT_OBJC_MSGSEND = YES;
				GCC_C_LANGUAGE_STANDARD = gnu11;
				GCC_NO_COMMON_BLOCKS = YES;
				GCC_WARN_64_TO_32_BIT_CONVERSION = YES;
				GCC_WARN_ABOUT_RETURN_TYPE = YES_ERROR;
				GCC_WARN_UNDECLARED_SELECTOR = YES;
				GCC_WARN_UNINITIALIZED_AUTOS = YES_AGGRESSIVE;
				GCC_WARN_UNUSED_FUNCTION = YES;
				GCC_WARN_UNUSED_VARIABLE = YES;
				IPHONEOS_DEPLOYMENT_TARGET = 14.3;
				MTL_ENABLE_DEBUG_INFO = NO;
				MTL_FAST_MATH = YES;
				SDKROOT = iphoneos;
				SWIFT_COMPILATION_MODE = wholemodule;
				SWIFT_OPTIMIZATION_LEVEL = "-O";
				VALIDATE_PRODUCT = YES;
			};
			name = Release;
		};
		0F6F73E625B2AD6300DFCB25 /* Debug */ = {
			isa = XCBuildConfiguration;
			baseConfigurationReference = A848E60940FEE9B3BA51CC59 /* Pods-Braver.debug.xcconfig */;
			buildSettings = {
				ASSETCATALOG_COMPILER_APPICON_NAME = AppIcon;
				ASSETCATALOG_COMPILER_GLOBAL_ACCENT_COLOR_NAME = AccentColor;
				CODE_SIGN_STYLE = Automatic;
				CURRENT_PROJECT_VERSION = 1.0.0;
				DEVELOPMENT_TEAM = HJPV4X8ST6;
				INFOPLIST_FILE = Braver/Info.plist;
				IPHONEOS_DEPLOYMENT_TARGET = 13.0;
				LD_RUNPATH_SEARCH_PATHS = (
					"$(inherited)",
					"@executable_path/Frameworks",
				);
				MARKETING_VERSION = 1.0.0;
				PRODUCT_BUNDLE_IDENTIFIER = "swift-beginners.Braver";
				PRODUCT_NAME = "$(TARGET_NAME)";
				SWIFT_VERSION = 5.0;
				TARGETED_DEVICE_FAMILY = 1;
			};
			name = Debug;
		};
		0F6F73E725B2AD6300DFCB25 /* Release */ = {
			isa = XCBuildConfiguration;
			baseConfigurationReference = D33A7367A671CFDE0802F60D /* Pods-Braver.release.xcconfig */;
			buildSettings = {
				ASSETCATALOG_COMPILER_APPICON_NAME = AppIcon;
				ASSETCATALOG_COMPILER_GLOBAL_ACCENT_COLOR_NAME = AccentColor;
				CODE_SIGN_STYLE = Automatic;
				CURRENT_PROJECT_VERSION = 1.0.0;
				DEVELOPMENT_TEAM = HJPV4X8ST6;
				INFOPLIST_FILE = Braver/Info.plist;
				IPHONEOS_DEPLOYMENT_TARGET = 13.0;
				LD_RUNPATH_SEARCH_PATHS = (
					"$(inherited)",
					"@executable_path/Frameworks",
				);
				MARKETING_VERSION = 1.0.0;
				PRODUCT_BUNDLE_IDENTIFIER = "swift-beginners.Braver";
				PRODUCT_NAME = "$(TARGET_NAME)";
				SWIFT_VERSION = 5.0;
				TARGETED_DEVICE_FAMILY = 1;
			};
			name = Release;
		};
		0F6F73E925B2AD6300DFCB25 /* Debug */ = {
			isa = XCBuildConfiguration;
			baseConfigurationReference = 7AC47AF9F1BB2ABE0A1DC795 /* Pods-BraverTests.debug.xcconfig */;
			buildSettings = {
				ALWAYS_EMBED_SWIFT_STANDARD_LIBRARIES = YES;
				BUNDLE_LOADER = "$(TEST_HOST)";
				CODE_SIGN_STYLE = Automatic;
				DEVELOPMENT_TEAM = HJPV4X8ST6;
				INFOPLIST_FILE = BraverTests/Info.plist;
				IPHONEOS_DEPLOYMENT_TARGET = 14.3;
				LD_RUNPATH_SEARCH_PATHS = (
					"$(inherited)",
					"@executable_path/Frameworks",
					"@loader_path/Frameworks",
				);
				PRODUCT_BUNDLE_IDENTIFIER = "swift-beginners.BraverTests";
				PRODUCT_NAME = "$(TARGET_NAME)";
				SWIFT_VERSION = 5.0;
				TARGETED_DEVICE_FAMILY = "1,2";
				TEST_HOST = "$(BUILT_PRODUCTS_DIR)/Braver.app/Braver";
			};
			name = Debug;
		};
		0F6F73EA25B2AD6300DFCB25 /* Release */ = {
			isa = XCBuildConfiguration;
			baseConfigurationReference = 1E06BA9B4E671537AD878897 /* Pods-BraverTests.release.xcconfig */;
			buildSettings = {
				ALWAYS_EMBED_SWIFT_STANDARD_LIBRARIES = YES;
				BUNDLE_LOADER = "$(TEST_HOST)";
				CODE_SIGN_STYLE = Automatic;
				DEVELOPMENT_TEAM = HJPV4X8ST6;
				INFOPLIST_FILE = BraverTests/Info.plist;
				IPHONEOS_DEPLOYMENT_TARGET = 14.3;
				LD_RUNPATH_SEARCH_PATHS = (
					"$(inherited)",
					"@executable_path/Frameworks",
					"@loader_path/Frameworks",
				);
				PRODUCT_BUNDLE_IDENTIFIER = "swift-beginners.BraverTests";
				PRODUCT_NAME = "$(TARGET_NAME)";
				SWIFT_VERSION = 5.0;
				TARGETED_DEVICE_FAMILY = "1,2";
				TEST_HOST = "$(BUILT_PRODUCTS_DIR)/Braver.app/Braver";
			};
			name = Release;
		};
		0F6F73EC25B2AD6300DFCB25 /* Debug */ = {
			isa = XCBuildConfiguration;
			baseConfigurationReference = CE56216D1BA20916903E4F3E /* Pods-Braver-BraverUITests.debug.xcconfig */;
			buildSettings = {
				ALWAYS_EMBED_SWIFT_STANDARD_LIBRARIES = YES;
				CODE_SIGN_STYLE = Automatic;
				DEVELOPMENT_TEAM = HJPV4X8ST6;
				INFOPLIST_FILE = BraverUITests/Info.plist;
				LD_RUNPATH_SEARCH_PATHS = (
					"$(inherited)",
					"@executable_path/Frameworks",
					"@loader_path/Frameworks",
				);
				PRODUCT_BUNDLE_IDENTIFIER = "swift-beginners.BraverUITests";
				PRODUCT_NAME = "$(TARGET_NAME)";
				SWIFT_VERSION = 5.0;
				TARGETED_DEVICE_FAMILY = "1,2";
				TEST_TARGET_NAME = Braver;
			};
			name = Debug;
		};
		0F6F73ED25B2AD6300DFCB25 /* Release */ = {
			isa = XCBuildConfiguration;
			baseConfigurationReference = 63CB20DEC0C04050D0D3C3D8 /* Pods-Braver-BraverUITests.release.xcconfig */;
			buildSettings = {
				ALWAYS_EMBED_SWIFT_STANDARD_LIBRARIES = YES;
				CODE_SIGN_STYLE = Automatic;
				DEVELOPMENT_TEAM = HJPV4X8ST6;
				INFOPLIST_FILE = BraverUITests/Info.plist;
				LD_RUNPATH_SEARCH_PATHS = (
					"$(inherited)",
					"@executable_path/Frameworks",
					"@loader_path/Frameworks",
				);
				PRODUCT_BUNDLE_IDENTIFIER = "swift-beginners.BraverUITests";
				PRODUCT_NAME = "$(TARGET_NAME)";
				SWIFT_VERSION = 5.0;
				TARGETED_DEVICE_FAMILY = "1,2";
				TEST_TARGET_NAME = Braver;
			};
			name = Release;
		};
/* End XCBuildConfiguration section */

/* Begin XCConfigurationList section */
		0F6F73B625B2AD6000DFCB25 /* Build configuration list for PBXProject "Braver" */ = {
			isa = XCConfigurationList;
			buildConfigurations = (
				0F6F73E325B2AD6300DFCB25 /* Debug */,
				0F6F73E425B2AD6300DFCB25 /* Release */,
			);
			defaultConfigurationIsVisible = 0;
			defaultConfigurationName = Release;
		};
		0F6F73E525B2AD6300DFCB25 /* Build configuration list for PBXNativeTarget "Braver" */ = {
			isa = XCConfigurationList;
			buildConfigurations = (
				0F6F73E625B2AD6300DFCB25 /* Debug */,
				0F6F73E725B2AD6300DFCB25 /* Release */,
			);
			defaultConfigurationIsVisible = 0;
			defaultConfigurationName = Release;
		};
		0F6F73E825B2AD6300DFCB25 /* Build configuration list for PBXNativeTarget "BraverTests" */ = {
			isa = XCConfigurationList;
			buildConfigurations = (
				0F6F73E925B2AD6300DFCB25 /* Debug */,
				0F6F73EA25B2AD6300DFCB25 /* Release */,
			);
			defaultConfigurationIsVisible = 0;
			defaultConfigurationName = Release;
		};
		0F6F73EB25B2AD6300DFCB25 /* Build configuration list for PBXNativeTarget "BraverUITests" */ = {
			isa = XCConfigurationList;
			buildConfigurations = (
				0F6F73EC25B2AD6300DFCB25 /* Debug */,
				0F6F73ED25B2AD6300DFCB25 /* Release */,
			);
			defaultConfigurationIsVisible = 0;
			defaultConfigurationName = Release;
		};
/* End XCConfigurationList section */
	};
	rootObject = 0F6F73B325B2AD6000DFCB25 /* Project object */;
}
